// !$*UTF8*$!
{
	archiveVersion = 1;
	classes = {
	};
	objectVersion = 50;
	objects = {

/* Begin PBXBuildFile section */
		DC0ED280260DD67C00701103 /* AppDelegate.swift in Sources */ = {isa = PBXBuildFile; fileRef = DC0ED27F260DD67C00701103 /* AppDelegate.swift */; };
		DC0ED282260DD67C00701103 /* SceneDelegate.swift in Sources */ = {isa = PBXBuildFile; fileRef = DC0ED281260DD67C00701103 /* SceneDelegate.swift */; };
		DC0ED284260DD67C00701103 /* ViewController.swift in Sources */ = {isa = PBXBuildFile; fileRef = DC0ED283260DD67C00701103 /* ViewController.swift */; };
		DC0ED287260DD67C00701103 /* Main.storyboard in Resources */ = {isa = PBXBuildFile; fileRef = DC0ED285260DD67C00701103 /* Main.storyboard */; };
		DC0ED289260DD67E00701103 /* Assets.xcassets in Resources */ = {isa = PBXBuildFile; fileRef = DC0ED288260DD67E00701103 /* Assets.xcassets */; };
		DC0ED28C260DD67E00701103 /* LaunchScreen.storyboard in Resources */ = {isa = PBXBuildFile; fileRef = DC0ED28A260DD67E00701103 /* LaunchScreen.storyboard */; };
		DC0ED297260DD67E00701103 /* Wits_WagersTests.swift in Sources */ = {isa = PBXBuildFile; fileRef = DC0ED296260DD67E00701103 /* Wits_WagersTests.swift */; };
		DC0ED2A2260DD67E00701103 /* Wits_WagersUITests.swift in Sources */ = {isa = PBXBuildFile; fileRef = DC0ED2A1260DD67E00701103 /* Wits_WagersUITests.swift */; };
		DC0ED2B3260DECE400701103 /* GameSettingsViewController.swift in Sources */ = {isa = PBXBuildFile; fileRef = DC0ED2B2260DECE400701103 /* GameSettingsViewController.swift */; };
/* End PBXBuildFile section */

/* Begin PBXContainerItemProxy section */
		DC0ED293260DD67E00701103 /* PBXContainerItemProxy */ = {
			isa = PBXContainerItemProxy;
			containerPortal = DC0ED274260DD67C00701103 /* Project object */;
			proxyType = 1;
			remoteGlobalIDString = DC0ED27B260DD67C00701103;
			remoteInfo = "Wits&Wagers";
		};
		DC0ED29E260DD67E00701103 /* PBXContainerItemProxy */ = {
			isa = PBXContainerItemProxy;
			containerPortal = DC0ED274260DD67C00701103 /* Project object */;
			proxyType = 1;
			remoteGlobalIDString = DC0ED27B260DD67C00701103;
			remoteInfo = "Wits&Wagers";
		};
/* End PBXContainerItemProxy section */

/* Begin PBXFileReference section */
		DC0ED27C260DD67C00701103 /* Wits&Wagers.app */ = {isa = PBXFileReference; explicitFileType = wrapper.application; includeInIndex = 0; path = "Wits&Wagers.app"; sourceTree = BUILT_PRODUCTS_DIR; };
		DC0ED27F260DD67C00701103 /* AppDelegate.swift */ = {isa = PBXFileReference; lastKnownFileType = sourcecode.swift; path = AppDelegate.swift; sourceTree = "<group>"; };
		DC0ED281260DD67C00701103 /* SceneDelegate.swift */ = {isa = PBXFileReference; lastKnownFileType = sourcecode.swift; path = SceneDelegate.swift; sourceTree = "<group>"; };
		DC0ED283260DD67C00701103 /* ViewController.swift */ = {isa = PBXFileReference; lastKnownFileType = sourcecode.swift; path = ViewController.swift; sourceTree = "<group>"; };
		DC0ED286260DD67C00701103 /* Base */ = {isa = PBXFileReference; lastKnownFileType = file.storyboard; name = Base; path = Base.lproj/Main.storyboard; sourceTree = "<group>"; };
		DC0ED288260DD67E00701103 /* Assets.xcassets */ = {isa = PBXFileReference; lastKnownFileType = folder.assetcatalog; path = Assets.xcassets; sourceTree = "<group>"; };
		DC0ED28B260DD67E00701103 /* Base */ = {isa = PBXFileReference; lastKnownFileType = file.storyboard; name = Base; path = Base.lproj/LaunchScreen.storyboard; sourceTree = "<group>"; };
		DC0ED28D260DD67E00701103 /* Info.plist */ = {isa = PBXFileReference; lastKnownFileType = text.plist.xml; path = Info.plist; sourceTree = "<group>"; };
		DC0ED292260DD67E00701103 /* Wits&WagersTests.xctest */ = {isa = PBXFileReference; explicitFileType = wrapper.cfbundle; includeInIndex = 0; path = "Wits&WagersTests.xctest"; sourceTree = BUILT_PRODUCTS_DIR; };
		DC0ED296260DD67E00701103 /* Wits_WagersTests.swift */ = {isa = PBXFileReference; lastKnownFileType = sourcecode.swift; path = Wits_WagersTests.swift; sourceTree = "<group>"; };
		DC0ED298260DD67E00701103 /* Info.plist */ = {isa = PBXFileReference; lastKnownFileType = text.plist.xml; path = Info.plist; sourceTree = "<group>"; };
		DC0ED29D260DD67E00701103 /* Wits&WagersUITests.xctest */ = {isa = PBXFileReference; explicitFileType = wrapper.cfbundle; includeInIndex = 0; path = "Wits&WagersUITests.xctest"; sourceTree = BUILT_PRODUCTS_DIR; };
		DC0ED2A1260DD67E00701103 /* Wits_WagersUITests.swift */ = {isa = PBXFileReference; lastKnownFileType = sourcecode.swift; path = Wits_WagersUITests.swift; sourceTree = "<group>"; };
		DC0ED2A3260DD67E00701103 /* Info.plist */ = {isa = PBXFileReference; lastKnownFileType = text.plist.xml; path = Info.plist; sourceTree = "<group>"; };
		DC0ED2B2260DECE400701103 /* GameSettingsViewController.swift */ = {isa = PBXFileReference; lastKnownFileType = sourcecode.swift; path = GameSettingsViewController.swift; sourceTree = "<group>"; };
/* End PBXFileReference section */

/* Begin PBXFrameworksBuildPhase section */
		DC0ED279260DD67C00701103 /* Frameworks */ = {
			isa = PBXFrameworksBuildPhase;
			buildActionMask = 2147483647;
			files = (
			);
			runOnlyForDeploymentPostprocessing = 0;
		};
		DC0ED28F260DD67E00701103 /* Frameworks */ = {
			isa = PBXFrameworksBuildPhase;
			buildActionMask = 2147483647;
			files = (
			);
			runOnlyForDeploymentPostprocessing = 0;
		};
		DC0ED29A260DD67E00701103 /* Frameworks */ = {
			isa = PBXFrameworksBuildPhase;
			buildActionMask = 2147483647;
			files = (
			);
			runOnlyForDeploymentPostprocessing = 0;
		};
/* End PBXFrameworksBuildPhase section */

/* Begin PBXGroup section */
		DC0ED273260DD67C00701103 = {
			isa = PBXGroup;
			children = (
				DC0ED27E260DD67C00701103 /* Wits&Wagers */,
				DC0ED295260DD67E00701103 /* Wits&WagersTests */,
				DC0ED2A0260DD67E00701103 /* Wits&WagersUITests */,
				DC0ED27D260DD67C00701103 /* Products */,
			);
			sourceTree = "<group>";
		};
		DC0ED27D260DD67C00701103 /* Products */ = {
			isa = PBXGroup;
			children = (
				DC0ED27C260DD67C00701103 /* Wits&Wagers.app */,
				DC0ED292260DD67E00701103 /* Wits&WagersTests.xctest */,
				DC0ED29D260DD67E00701103 /* Wits&WagersUITests.xctest */,
			);
			name = Products;
			sourceTree = "<group>";
		};
		DC0ED27E260DD67C00701103 /* Wits&Wagers */ = {
			isa = PBXGroup;
			children = (
				DC0ED27F260DD67C00701103 /* AppDelegate.swift */,
				DC0ED281260DD67C00701103 /* SceneDelegate.swift */,
				DC0ED283260DD67C00701103 /* ViewController.swift */,
				DC0ED2B2260DECE400701103 /* GameSettingsViewController.swift */,
				DC0ED285260DD67C00701103 /* Main.storyboard */,
				DC0ED288260DD67E00701103 /* Assets.xcassets */,
				DC0ED28A260DD67E00701103 /* LaunchScreen.storyboard */,
				DC0ED28D260DD67E00701103 /* Info.plist */,
			);
			path = "Wits&Wagers";
			sourceTree = "<group>";
		};
		DC0ED295260DD67E00701103 /* Wits&WagersTests */ = {
			isa = PBXGroup;
			children = (
				DC0ED296260DD67E00701103 /* Wits_WagersTests.swift */,
				DC0ED298260DD67E00701103 /* Info.plist */,
			);
			path = "Wits&WagersTests";
			sourceTree = "<group>";
		};
		DC0ED2A0260DD67E00701103 /* Wits&WagersUITests */ = {
			isa = PBXGroup;
			children = (
				DC0ED2A1260DD67E00701103 /* Wits_WagersUITests.swift */,
				DC0ED2A3260DD67E00701103 /* Info.plist */,
			);
			path = "Wits&WagersUITests";
			sourceTree = "<group>";
		};
/* End PBXGroup section */

/* Begin PBXNativeTarget section */
		DC0ED27B260DD67C00701103 /* Wits&Wagers */ = {
			isa = PBXNativeTarget;
			buildConfigurationList = DC0ED2A6260DD67E00701103 /* Build configuration list for PBXNativeTarget "Wits&Wagers" */;
			buildPhases = (
				DC0ED278260DD67C00701103 /* Sources */,
				DC0ED279260DD67C00701103 /* Frameworks */,
				DC0ED27A260DD67C00701103 /* Resources */,
			);
			buildRules = (
			);
			dependencies = (
			);
			name = "Wits&Wagers";
			productName = "Wits&Wagers";
			productReference = DC0ED27C260DD67C00701103 /* Wits&Wagers.app */;
			productType = "com.apple.product-type.application";
		};
		DC0ED291260DD67E00701103 /* Wits&WagersTests */ = {
			isa = PBXNativeTarget;
			buildConfigurationList = DC0ED2A9260DD67E00701103 /* Build configuration list for PBXNativeTarget "Wits&WagersTests" */;
			buildPhases = (
				DC0ED28E260DD67E00701103 /* Sources */,
				DC0ED28F260DD67E00701103 /* Frameworks */,
				DC0ED290260DD67E00701103 /* Resources */,
			);
			buildRules = (
			);
			dependencies = (
				DC0ED294260DD67E00701103 /* PBXTargetDependency */,
			);
			name = "Wits&WagersTests";
			productName = "Wits&WagersTests";
			productReference = DC0ED292260DD67E00701103 /* Wits&WagersTests.xctest */;
			productType = "com.apple.product-type.bundle.unit-test";
		};
		DC0ED29C260DD67E00701103 /* Wits&WagersUITests */ = {
			isa = PBXNativeTarget;
			buildConfigurationList = DC0ED2AC260DD67E00701103 /* Build configuration list for PBXNativeTarget "Wits&WagersUITests" */;
			buildPhases = (
				DC0ED299260DD67E00701103 /* Sources */,
				DC0ED29A260DD67E00701103 /* Frameworks */,
				DC0ED29B260DD67E00701103 /* Resources */,
			);
			buildRules = (
			);
			dependencies = (
				DC0ED29F260DD67E00701103 /* PBXTargetDependency */,
			);
			name = "Wits&WagersUITests";
			productName = "Wits&WagersUITests";
			productReference = DC0ED29D260DD67E00701103 /* Wits&WagersUITests.xctest */;
			productType = "com.apple.product-type.bundle.ui-testing";
		};
/* End PBXNativeTarget section */

/* Begin PBXProject section */
		DC0ED274260DD67C00701103 /* Project object */ = {
			isa = PBXProject;
			attributes = {
				LastSwiftUpdateCheck = 1240;
				LastUpgradeCheck = 1240;
				TargetAttributes = {
					DC0ED27B260DD67C00701103 = {
						CreatedOnToolsVersion = 12.4;
					};
					DC0ED291260DD67E00701103 = {
						CreatedOnToolsVersion = 12.4;
						TestTargetID = DC0ED27B260DD67C00701103;
					};
					DC0ED29C260DD67E00701103 = {
						CreatedOnToolsVersion = 12.4;
						TestTargetID = DC0ED27B260DD67C00701103;
					};
				};
			};
			buildConfigurationList = DC0ED277260DD67C00701103 /* Build configuration list for PBXProject "Wits&Wagers" */;
			compatibilityVersion = "Xcode 9.3";
			developmentRegion = en;
			hasScannedForEncodings = 0;
			knownRegions = (
				en,
				Base,
			);
			mainGroup = DC0ED273260DD67C00701103;
			productRefGroup = DC0ED27D260DD67C00701103 /* Products */;
			projectDirPath = "";
			projectRoot = "";
			targets = (
				DC0ED27B260DD67C00701103 /* Wits&Wagers */,
				DC0ED291260DD67E00701103 /* Wits&WagersTests */,
				DC0ED29C260DD67E00701103 /* Wits&WagersUITests */,
			);
		};
/* End PBXProject section */

/* Begin PBXResourcesBuildPhase section */
		DC0ED27A260DD67C00701103 /* Resources */ = {
			isa = PBXResourcesBuildPhase;
			buildActionMask = 2147483647;
			files = (
				DC0ED28C260DD67E00701103 /* LaunchScreen.storyboard in Resources */,
				DC0ED289260DD67E00701103 /* Assets.xcassets in Resources */,
				DC0ED287260DD67C00701103 /* Main.storyboard in Resources */,
			);
			runOnlyForDeploymentPostprocessing = 0;
		};
		DC0ED290260DD67E00701103 /* Resources */ = {
			isa = PBXResourcesBuildPhase;
			buildActionMask = 2147483647;
			files = (
			);
			runOnlyForDeploymentPostprocessing = 0;
		};
		DC0ED29B260DD67E00701103 /* Resources */ = {
			isa = PBXResourcesBuildPhase;
			buildActionMask = 2147483647;
			files = (
			);
			runOnlyForDeploymentPostprocessing = 0;
		};
/* End PBXResourcesBuildPhase section */

/* Begin PBXSourcesBuildPhase section */
		DC0ED278260DD67C00701103 /* Sources */ = {
			isa = PBXSourcesBuildPhase;
			buildActionMask = 2147483647;
			files = (
				DC0ED284260DD67C00701103 /* ViewController.swift in Sources */,
				DC0ED280260DD67C00701103 /* AppDelegate.swift in Sources */,
				DC0ED2B3260DECE400701103 /* GameSettingsViewController.swift in Sources */,
				DC0ED282260DD67C00701103 /* SceneDelegate.swift in Sources */,
			);
			runOnlyForDeploymentPostprocessing = 0;
		};
		DC0ED28E260DD67E00701103 /* Sources */ = {
			isa = PBXSourcesBuildPhase;
			buildActionMask = 2147483647;
			files = (
				DC0ED297260DD67E00701103 /* Wits_WagersTests.swift in Sources */,
			);
			runOnlyForDeploymentPostprocessing = 0;
		};
		DC0ED299260DD67E00701103 /* Sources */ = {
			isa = PBXSourcesBuildPhase;
			buildActionMask = 2147483647;
			files = (
				DC0ED2A2260DD67E00701103 /* Wits_WagersUITests.swift in Sources */,
			);
			runOnlyForDeploymentPostprocessing = 0;
		};
/* End PBXSourcesBuildPhase section */

/* Begin PBXTargetDependency section */
		DC0ED294260DD67E00701103 /* PBXTargetDependency */ = {
			isa = PBXTargetDependency;
			target = DC0ED27B260DD67C00701103 /* Wits&Wagers */;
			targetProxy = DC0ED293260DD67E00701103 /* PBXContainerItemProxy */;
		};
		DC0ED29F260DD67E00701103 /* PBXTargetDependency */ = {
			isa = PBXTargetDependency;
			target = DC0ED27B260DD67C00701103 /* Wits&Wagers */;
			targetProxy = DC0ED29E260DD67E00701103 /* PBXContainerItemProxy */;
		};
/* End PBXTargetDependency section */

/* Begin PBXVariantGroup section */
		DC0ED285260DD67C00701103 /* Main.storyboard */ = {
			isa = PBXVariantGroup;
			children = (
				DC0ED286260DD67C00701103 /* Base */,
			);
			name = Main.storyboard;
			sourceTree = "<group>";
		};
		DC0ED28A260DD67E00701103 /* LaunchScreen.storyboard */ = {
			isa = PBXVariantGroup;
			children = (
				DC0ED28B260DD67E00701103 /* Base */,
			);
			name = LaunchScreen.storyboard;
			sourceTree = "<group>";
		};
/* End PBXVariantGroup section */

/* Begin XCBuildConfiguration section */
		DC0ED2A4260DD67E00701103 /* Debug */ = {
			isa = XCBuildConfiguration;
			buildSettings = {
				ALWAYS_SEARCH_USER_PATHS = NO;
				CLANG_ANALYZER_NONNULL = YES;
				CLANG_ANALYZER_NUMBER_OBJECT_CONVERSION = YES_AGGRESSIVE;
				CLANG_CXX_LANGUAGE_STANDARD = "gnu++14";
				CLANG_CXX_LIBRARY = "libc++";
				CLANG_ENABLE_MODULES = YES;
				CLANG_ENABLE_OBJC_ARC = YES;
				CLANG_ENABLE_OBJC_WEAK = YES;
				CLANG_WARN_BLOCK_CAPTURE_AUTORELEASING = YES;
				CLANG_WARN_BOOL_CONVERSION = YES;
				CLANG_WARN_COMMA = YES;
				CLANG_WARN_CONSTANT_CONVERSION = YES;
				CLANG_WARN_DEPRECATED_OBJC_IMPLEMENTATIONS = YES;
				CLANG_WARN_DIRECT_OBJC_ISA_USAGE = YES_ERROR;
				CLANG_WARN_DOCUMENTATION_COMMENTS = YES;
				CLANG_WARN_EMPTY_BODY = YES;
				CLANG_WARN_ENUM_CONVERSION = YES;
				CLANG_WARN_INFINITE_RECURSION = YES;
				CLANG_WARN_INT_CONVERSION = YES;
				CLANG_WARN_NON_LITERAL_NULL_CONVERSION = YES;
				CLANG_WARN_OBJC_IMPLICIT_RETAIN_SELF = YES;
				CLANG_WARN_OBJC_LITERAL_CONVERSION = YES;
				CLANG_WARN_OBJC_ROOT_CLASS = YES_ERROR;
				CLANG_WARN_QUOTED_INCLUDE_IN_FRAMEWORK_HEADER = YES;
				CLANG_WARN_RANGE_LOOP_ANALYSIS = YES;
				CLANG_WARN_STRICT_PROTOTYPES = YES;
				CLANG_WARN_SUSPICIOUS_MOVE = YES;
				CLANG_WARN_UNGUARDED_AVAILABILITY = YES_AGGRESSIVE;
				CLANG_WARN_UNREACHABLE_CODE = YES;
				CLANG_WARN__DUPLICATE_METHOD_MATCH = YES;
				COPY_PHASE_STRIP = NO;
				DEBUG_INFORMATION_FORMAT = dwarf;
				ENABLE_STRICT_OBJC_MSGSEND = YES;
				ENABLE_TESTABILITY = YES;
				GCC_C_LANGUAGE_STANDARD = gnu11;
				GCC_DYNAMIC_NO_PIC = NO;
				GCC_NO_COMMON_BLOCKS = YES;
				GCC_OPTIMIZATION_LEVEL = 0;
				GCC_PREPROCESSOR_DEFINITIONS = (
					"DEBUG=1",
					"$(inherited)",
				);
				GCC_WARN_64_TO_32_BIT_CONVERSION = YES;
				GCC_WARN_ABOUT_RETURN_TYPE = YES_ERROR;
				GCC_WARN_UNDECLARED_SELECTOR = YES;
				GCC_WARN_UNINITIALIZED_AUTOS = YES_AGGRESSIVE;
				GCC_WARN_UNUSED_FUNCTION = YES;
				GCC_WARN_UNUSED_VARIABLE = YES;
				IPHONEOS_DEPLOYMENT_TARGET = 14.4;
				MTL_ENABLE_DEBUG_INFO = INCLUDE_SOURCE;
				MTL_FAST_MATH = YES;
				ONLY_ACTIVE_ARCH = YES;
				SDKROOT = iphoneos;
				SWIFT_ACTIVE_COMPILATION_CONDITIONS = DEBUG;
				SWIFT_OPTIMIZATION_LEVEL = "-Onone";
			};
			name = Debug;
		};
		DC0ED2A5260DD67E00701103 /* Release */ = {
			isa = XCBuildConfiguration;
			buildSettings = {
				ALWAYS_SEARCH_USER_PATHS = NO;
				CLANG_ANALYZER_NONNULL = YES;
				CLANG_ANALYZER_NUMBER_OBJECT_CONVERSION = YES_AGGRESSIVE;
				CLANG_CXX_LANGUAGE_STANDARD = "gnu++14";
				CLANG_CXX_LIBRARY = "libc++";
				CLANG_ENABLE_MODULES = YES;
				CLANG_ENABLE_OBJC_ARC = YES;
				CLANG_ENABLE_OBJC_WEAK = YES;
				CLANG_WARN_BLOCK_CAPTURE_AUTORELEASING = YES;
				CLANG_WARN_BOOL_CONVERSION = YES;
				CLANG_WARN_COMMA = YES;
				CLANG_WARN_CONSTANT_CONVERSION = YES;
				CLANG_WARN_DEPRECATED_OBJC_IMPLEMENTATIONS = YES;
				CLANG_WARN_DIRECT_OBJC_ISA_USAGE = YES_ERROR;
				CLANG_WARN_DOCUMENTATION_COMMENTS = YES;
				CLANG_WARN_EMPTY_BODY = YES;
				CLANG_WARN_ENUM_CONVERSION = YES;
				CLANG_WARN_INFINITE_RECURSION = YES;
				CLANG_WARN_INT_CONVERSION = YES;
				CLANG_WARN_NON_LITERAL_NULL_CONVERSION = YES;
				CLANG_WARN_OBJC_IMPLICIT_RETAIN_SELF = YES;
				CLANG_WARN_OBJC_LITERAL_CONVERSION = YES;
				CLANG_WARN_OBJC_ROOT_CLASS = YES_ERROR;
				CLANG_WARN_QUOTED_INCLUDE_IN_FRAMEWORK_HEADER = YES;
				CLANG_WARN_RANGE_LOOP_ANALYSIS = YES;
				CLANG_WARN_STRICT_PROTOTYPES = YES;
				CLANG_WARN_SUSPICIOUS_MOVE = YES;
				CLANG_WARN_UNGUARDED_AVAILABILITY = YES_AGGRESSIVE;
				CLANG_WARN_UNREACHABLE_CODE = YES;
				CLANG_WARN__DUPLICATE_METHOD_MATCH = YES;
				COPY_PHASE_STRIP = NO;
				DEBUG_INFORMATION_FORMAT = "dwarf-with-dsym";
				ENABLE_NS_ASSERTIONS = NO;
				ENABLE_STRICT_OBJC_MSGSEND = YES;
				GCC_C_LANGUAGE_STANDARD = gnu11;
				GCC_NO_COMMON_BLOCKS = YES;
				GCC_WARN_64_TO_32_BIT_CONVERSION = YES;
				GCC_WARN_ABOUT_RETURN_TYPE = YES_ERROR;
				GCC_WARN_UNDECLARED_SELECTOR = YES;
				GCC_WARN_UNINITIALIZED_AUTOS = YES_AGGRESSIVE;
				GCC_WARN_UNUSED_FUNCTION = YES;
				GCC_WARN_UNUSED_VARIABLE = YES;
				IPHONEOS_DEPLOYMENT_TARGET = 14.4;
				MTL_ENABLE_DEBUG_INFO = NO;
				MTL_FAST_MATH = YES;
				SDKROOT = iphoneos;
				SWIFT_COMPILATION_MODE = wholemodule;
				SWIFT_OPTIMIZATION_LEVEL = "-O";
				VALIDATE_PRODUCT = YES;
			};
			name = Release;
		};
		DC0ED2A7260DD67E00701103 /* Debug */ = {
			isa = XCBuildConfiguration;
			buildSettings = {
				ASSETCATALOG_COMPILER_APPICON_NAME = AppIcon;
				ASSETCATALOG_COMPILER_GLOBAL_ACCENT_COLOR_NAME = AccentColor;
				CODE_SIGN_STYLE = Automatic;
				DEVELOPMENT_TEAM = X5R22R46Q2;
				INFOPLIST_FILE = "Wits&Wagers/Info.plist";
				LD_RUNPATH_SEARCH_PATHS = (
					"$(inherited)",
					"@executable_path/Frameworks",
				);
				PRODUCT_BUNDLE_IDENTIFIER = "pj.ca.jisa-sarawijuf.Wits-Wagers";
				PRODUCT_NAME = "$(TARGET_NAME)";
				SWIFT_VERSION = 5.0;
				TARGETED_DEVICE_FAMILY = "1,2";
			};
			name = Debug;
		};
		DC0ED2A8260DD67E00701103 /* Release */ = {
			isa = XCBuildConfiguration;
			buildSettings = {
				ASSETCATALOG_COMPILER_APPICON_NAME = AppIcon;
				ASSETCATALOG_COMPILER_GLOBAL_ACCENT_COLOR_NAME = AccentColor;
				CODE_SIGN_STYLE = Automatic;
				DEVELOPMENT_TEAM = X5R22R46Q2;
				INFOPLIST_FILE = "Wits&Wagers/Info.plist";
				LD_RUNPATH_SEARCH_PATHS = (
					"$(inherited)",
					"@executable_path/Frameworks",
				);
				PRODUCT_BUNDLE_IDENTIFIER = "pj.ca.jisa-sarawijuf.Wits-Wagers";
				PRODUCT_NAME = "$(TARGET_NAME)";
				SWIFT_VERSION = 5.0;
				TARGETED_DEVICE_FAMILY = "1,2";
			};
			name = Release;
		};
		DC0ED2AA260DD67E00701103 /* Debug */ = {
			isa = XCBuildConfiguration;
			buildSettings = {
				ALWAYS_EMBED_SWIFT_STANDARD_LIBRARIES = YES;
				BUNDLE_LOADER = "$(TEST_HOST)";
				CODE_SIGN_STYLE = Automatic;
				DEVELOPMENT_TEAM = X5R22R46Q2;
				INFOPLIST_FILE = "Wits&WagersTests/Info.plist";
				IPHONEOS_DEPLOYMENT_TARGET = 14.4;
				LD_RUNPATH_SEARCH_PATHS = (
					"$(inherited)",
					"@executable_path/Frameworks",
					"@loader_path/Frameworks",
				);
				PRODUCT_BUNDLE_IDENTIFIER = "pj.ca.jisa-sarawijuf.Wits-WagersTests";
				PRODUCT_NAME = "$(TARGET_NAME)";
				SWIFT_VERSION = 5.0;
				TARGETED_DEVICE_FAMILY = "1,2";
				TEST_HOST = "$(BUILT_PRODUCTS_DIR)/Wits&Wagers.app/Wits&Wagers";
			};
			name = Debug;
		};
		DC0ED2AB260DD67E00701103 /* Release */ = {
			isa = XCBuildConfiguration;
			buildSettings = {
				ALWAYS_EMBED_SWIFT_STANDARD_LIBRARIES = YES;
				BUNDLE_LOADER = "$(TEST_HOST)";
				CODE_SIGN_STYLE = Automatic;
				DEVELOPMENT_TEAM = X5R22R46Q2;
				INFOPLIST_FILE = "Wits&WagersTests/Info.plist";
				IPHONEOS_DEPLOYMENT_TARGET = 14.4;
				LD_RUNPATH_SEARCH_PATHS = (
					"$(inherited)",
					"@executable_path/Frameworks",
					"@loader_path/Frameworks",
				);
				PRODUCT_BUNDLE_IDENTIFIER = "pj.ca.jisa-sarawijuf.Wits-WagersTests";
				PRODUCT_NAME = "$(TARGET_NAME)";
				SWIFT_VERSION = 5.0;
				TARGETED_DEVICE_FAMILY = "1,2";
				TEST_HOST = "$(BUILT_PRODUCTS_DIR)/Wits&Wagers.app/Wits&Wagers";
			};
			name = Release;
		};
		DC0ED2AD260DD67E00701103 /* Debug */ = {
			isa = XCBuildConfiguration;
			buildSettings = {
				ALWAYS_EMBED_SWIFT_STANDARD_LIBRARIES = YES;
				CODE_SIGN_STYLE = Automatic;
				DEVELOPMENT_TEAM = X5R22R46Q2;
				INFOPLIST_FILE = "Wits&WagersUITests/Info.plist";
				LD_RUNPATH_SEARCH_PATHS = (
					"$(inherited)",
					"@executable_path/Frameworks",
					"@loader_path/Frameworks",
				);
				PRODUCT_BUNDLE_IDENTIFIER = "pj.ca.jisa-sarawijuf.Wits-WagersUITests";
				PRODUCT_NAME = "$(TARGET_NAME)";
				SWIFT_VERSION = 5.0;
				TARGETED_DEVICE_FAMILY = "1,2";
				TEST_TARGET_NAME = "Wits&Wagers";
			};
			name = Debug;
		};
		DC0ED2AE260DD67E00701103 /* Release */ = {
			isa = XCBuildConfiguration;
			buildSettings = {
				ALWAYS_EMBED_SWIFT_STANDARD_LIBRARIES = YES;
				CODE_SIGN_STYLE = Automatic;
				DEVELOPMENT_TEAM = X5R22R46Q2;
				INFOPLIST_FILE = "Wits&WagersUITests/Info.plist";
				LD_RUNPATH_SEARCH_PATHS = (
					"$(inherited)",
					"@executable_path/Frameworks",
					"@loader_path/Frameworks",
				);
				PRODUCT_BUNDLE_IDENTIFIER = "pj.ca.jisa-sarawijuf.Wits-WagersUITests";
				PRODUCT_NAME = "$(TARGET_NAME)";
				SWIFT_VERSION = 5.0;
				TARGETED_DEVICE_FAMILY = "1,2";
				TEST_TARGET_NAME = "Wits&Wagers";
			};
			name = Release;
		};
/* End XCBuildConfiguration section */

/* Begin XCConfigurationList section */
		DC0ED277260DD67C00701103 /* Build configuration list for PBXProject "Wits&Wagers" */ = {
			isa = XCConfigurationList;
			buildConfigurations = (
				DC0ED2A4260DD67E00701103 /* Debug */,
				DC0ED2A5260DD67E00701103 /* Release */,
			);
			defaultConfigurationIsVisible = 0;
			defaultConfigurationName = Release;
		};
		DC0ED2A6260DD67E00701103 /* Build configuration list for PBXNativeTarget "Wits&Wagers" */ = {
			isa = XCConfigurationList;
			buildConfigurations = (
				DC0ED2A7260DD67E00701103 /* Debug */,
				DC0ED2A8260DD67E00701103 /* Release */,
			);
			defaultConfigurationIsVisible = 0;
			defaultConfigurationName = Release;
		};
		DC0ED2A9260DD67E00701103 /* Build configuration list for PBXNativeTarget "Wits&WagersTests" */ = {
			isa = XCConfigurationList;
			buildConfigurations = (
				DC0ED2AA260DD67E00701103 /* Debug */,
				DC0ED2AB260DD67E00701103 /* Release */,
			);
			defaultConfigurationIsVisible = 0;
			defaultConfigurationName = Release;
		};
		DC0ED2AC260DD67E00701103 /* Build configuration list for PBXNativeTarget "Wits&WagersUITests" */ = {
			isa = XCConfigurationList;
			buildConfigurations = (
				DC0ED2AD260DD67E00701103 /* Debug */,
				DC0ED2AE260DD67E00701103 /* Release */,
			);
			defaultConfigurationIsVisible = 0;
			defaultConfigurationName = Release;
		};
/* End XCConfigurationList section */
	};
	rootObject = DC0ED274260DD67C00701103 /* Project object */;
}
